Microsoft Visual Studio Solution File, Format Version 12.00
# Visual Studio Version 17
VisualStudioVersion = 17.5.2.0
MinimumVisualStudioVersion = 10.0.40219.1
Project("{FAE04EC0-301F-11D3-BF4B-00C04F79EFBC}") = "SmartGreenhouse", "SmartGreenhouse\SmartGreenhouse.csproj", "{FA2D1A9B-902B-A76D-2C20-1F7D6D11AC7D}"
EndProject
Project("{FAE04EC0-301F-11D3-BF4B-00C04F79EFBC}") = "SmartGreenhouse.Tests", "SmartGreenhouse.Tests\SmartGreenhouse.Tests.csproj", "{3633D7C5-7569-ABF0-85D3-B258F22B722B}"
EndProject
Global
	GlobalSection(SolutionConfigurationPlatforms) = preSolution
		Debug|Any CPU = Debug|Any CPU
		Release|Any CPU = Release|Any CPU
	EndGlobalSection
	GlobalSection(ProjectConfigurationPlatforms) = postSolution
		{FA2D1A9B-902B-A76D-2C20-1F7D6D11AC7D}.Debug|Any CPU.ActiveCfg = Debug|Any CPU
		{FA2D1A9B-902B-A76D-2C20-1F7D6D11AC7D}.Debug|Any CPU.Build.0 = Debug|Any CPU
		{FA2D1A9B-902B-A76D-2C20-1F7D6D11AC7D}.Release|Any CPU.ActiveCfg = Release|Any CPU
		{FA2D1A9B-902B-A76D-2C20-1F7D6D11AC7D}.Release|Any CPU.Build.0 = Release|Any CPU
		{3633D7C5-7569-ABF0-85D3-B258F22B722B}.Debug|Any CPU.ActiveCfg = Debug|Any CPU
		{3633D7C5-7569-ABF0-85D3-B258F22B722B}.Debug|Any CPU.Build.0 = Debug|Any CPU
		{3633D7C5-7569-ABF0-85D3-B258F22B722B}.Release|Any CPU.ActiveCfg = Release|Any CPU
		{3633D7C5-7569-ABF0-85D3-B258F22B722B}.Release|Any CPU.Build.0 = Release|Any CPU
		{B62C7679-C381-4428-98D0-F3BBB750680B}.Debug|Any CPU.ActiveCfg = Debug|Any CPU
		{B62C7679-C381-4428-98D0-F3BBB750680B}.Debug|Any CPU.Build.0 = Debug|Any CPU
		{B62C7679-C381-4428-98D0-F3BBB750680B}.Debug|x64.ActiveCfg = Debug|Any CPU
		{B62C7679-C381-4428-98D0-F3BBB750680B}.Debug|x64.Build.0 = Debug|Any CPU
		{B62C7679-C381-4428-98D0-F3BBB750680B}.Debug|x86.ActiveCfg = Debug|Any CPU
		{B62C7679-C381-4428-98D0-F3BBB750680B}.Debug|x86.Build.0 = Debug|Any CPU
		{B62C7679-C381-4428-98D0-F3BBB750680B}.Release|Any CPU.ActiveCfg = Release|Any CPU
		{B62C7679-C381-4428-98D0-F3BBB750680B}.Release|Any CPU.Build.0 = Release|Any CPU
		{B62C7679-C381-4428-98D0-F3BBB750680B}.Release|x64.ActiveCfg = Release|Any CPU
		{B62C7679-C381-4428-98D0-F3BBB750680B}.Release|x64.Build.0 = Release|Any CPU
		{B62C7679-C381-4428-98D0-F3BBB750680B}.Release|x86.ActiveCfg = Release|Any CPU
		{B62C7679-C381-4428-98D0-F3BBB750680B}.Release|x86.Build.0 = Release|Any CPU
		{69FFCA87-E997-4C43-9204-54D69D789C25}.Debug|Any CPU.ActiveCfg = Debug|Any CPU
		{69FFCA87-E997-4C43-9204-54D69D789C25}.Debug|Any CPU.Build.0 = Debug|Any CPU
		{69FFCA87-E997-4C43-9204-54D69D789C25}.Debug|x64.ActiveCfg = Debug|Any CPU
		{69FFCA87-E997-4C43-9204-54D69D789C25}.Debug|x64.Build.0 = Debug|Any CPU
		{69FFCA87-E997-4C43-9204-54D69D789C25}.Debug|x86.ActiveCfg = Debug|Any CPU
		{69FFCA87-E997-4C43-9204-54D69D789C25}.Debug|x86.Build.0 = Debug|Any CPU
		{69FFCA87-E997-4C43-9204-54D69D789C25}.Release|Any CPU.ActiveCfg = Release|Any CPU
		{69FFCA87-E997-4C43-9204-54D69D789C25}.Release|Any CPU.Build.0 = Release|Any CPU
		{69FFCA87-E997-4C43-9204-54D69D789C25}.Release|x64.ActiveCfg = Release|Any CPU
		{69FFCA87-E997-4C43-9204-54D69D789C25}.Release|x64.Build.0 = Release|Any CPU
		{69FFCA87-E997-4C43-9204-54D69D789C25}.Release|x86.ActiveCfg = Release|Any CPU
		{69FFCA87-E997-4C43-9204-54D69D789C25}.Release|x86.Build.0 = Release|Any CPU
	EndGlobalSection
	GlobalSection(SolutionProperties) = preSolution
		HideSolutionNode = FALSE
	EndGlobalSection
	GlobalSection(ExtensibilityGlobals) = postSolution
		SolutionGuid = {34F77F1C-33FF-4B98-8FF6-1FF68CE4D9A3}
	EndGlobalSection
EndGlobal
